// !$*UTF8*$!
{
	archiveVersion = 1;
	classes = {
	};
	objectVersion = 46;
	objects = {

/* Begin PBXBuildFile section */
		072F1B501F2A546A001D6FA2 /* AppDelegate.swift in Sources */ = {isa = PBXBuildFile; fileRef = 072F1B4F1F2A546A001D6FA2 /* AppDelegate.swift */; };
		072F1B521F2A546A001D6FA2 /* CameraVC.swift in Sources */ = {isa = PBXBuildFile; fileRef = 072F1B511F2A546A001D6FA2 /* CameraVC.swift */; };
		072F1B551F2A546A001D6FA2 /* Main.storyboard in Resources */ = {isa = PBXBuildFile; fileRef = 072F1B531F2A546A001D6FA2 /* Main.storyboard */; };
		072F1B571F2A546A001D6FA2 /* Assets.xcassets in Resources */ = {isa = PBXBuildFile; fileRef = 072F1B561F2A546A001D6FA2 /* Assets.xcassets */; };
		072F1B5A1F2A546A001D6FA2 /* LaunchScreen.storyboard in Resources */ = {isa = PBXBuildFile; fileRef = 072F1B581F2A546A001D6FA2 /* LaunchScreen.storyboard */; };
		072F1B671F2A585F001D6FA2 /* AAPLCameraViewController.m in Sources */ = {isa = PBXBuildFile; fileRef = 072F1B641F2A585F001D6FA2 /* AAPLCameraViewController.m */; };
		072F1B681F2A585F001D6FA2 /* AAPLPreviewView.m in Sources */ = {isa = PBXBuildFile; fileRef = 072F1B661F2A585F001D6FA2 /* AAPLPreviewView.m */; };
		07D809931F2CDD8700968432 /* AuthService.swift in Sources */ = {isa = PBXBuildFile; fileRef = 07D809921F2CDD8700968432 /* AuthService.swift */; };
		07DC5D781F2D52A9001BEF67 /* DataService.swift in Sources */ = {isa = PBXBuildFile; fileRef = 07DC5D771F2D52A9001BEF67 /* DataService.swift */; };
		07DC5D7A1F2D5C74001BEF67 /* UsersVC.swift in Sources */ = {isa = PBXBuildFile; fileRef = 07DC5D791F2D5C74001BEF67 /* UsersVC.swift */; };
		07DC5D7C1F2D603F001BEF67 /* UserCell.swift in Sources */ = {isa = PBXBuildFile; fileRef = 07DC5D7B1F2D603F001BEF67 /* UserCell.swift */; };
		07DC5D7E1F2D64A2001BEF67 /* User.swift in Sources */ = {isa = PBXBuildFile; fileRef = 07DC5D7D1F2D64A2001BEF67 /* User.swift */; };
		07FEE6E41F2AA72500202261 /* GoogleService-Info.plist in Resources */ = {isa = PBXBuildFile; fileRef = 07FEE6E31F2AA72500202261 /* GoogleService-Info.plist */; };
		07FEE6E61F2AB73D00202261 /* RoundTextField.swift in Sources */ = {isa = PBXBuildFile; fileRef = 07FEE6E51F2AB73D00202261 /* RoundTextField.swift */; };
		07FEE6E81F2ABF8800202261 /* RoundedButton.swift in Sources */ = {isa = PBXBuildFile; fileRef = 07FEE6E71F2ABF8800202261 /* RoundedButton.swift */; };
		07FEE6EA1F2AC31E00202261 /* LoginVC.swift in Sources */ = {isa = PBXBuildFile; fileRef = 07FEE6E91F2AC31E00202261 /* LoginVC.swift */; };
		09443E82847E77D24D18545D /* Pods_DevChat.framework in Frameworks */ = {isa = PBXBuildFile; fileRef = DEEA1605C0059A67B45D7D3A /* Pods_DevChat.framework */; };
/* End PBXBuildFile section */

/* Begin PBXFileReference section */
		072F1B4C1F2A546A001D6FA2 /* DevChat.app */ = {isa = PBXFileReference; explicitFileType = wrapper.application; includeInIndex = 0; path = DevChat.app; sourceTree = BUILT_PRODUCTS_DIR; };
		072F1B4F1F2A546A001D6FA2 /* AppDelegate.swift */ = {isa = PBXFileReference; lastKnownFileType = sourcecode.swift; path = AppDelegate.swift; sourceTree = "<group>"; };
		072F1B511F2A546A001D6FA2 /* CameraVC.swift */ = {isa = PBXFileReference; lastKnownFileType = sourcecode.swift; path = CameraVC.swift; sourceTree = "<group>"; };
		072F1B541F2A546A001D6FA2 /* Base */ = {isa = PBXFileReference; lastKnownFileType = file.storyboard; name = Base; path = Base.lproj/Main.storyboard; sourceTree = "<group>"; };
		072F1B561F2A546A001D6FA2 /* Assets.xcassets */ = {isa = PBXFileReference; lastKnownFileType = folder.assetcatalog; path = Assets.xcassets; sourceTree = "<group>"; };
		072F1B591F2A546A001D6FA2 /* Base */ = {isa = PBXFileReference; lastKnownFileType = file.storyboard; name = Base; path = Base.lproj/LaunchScreen.storyboard; sourceTree = "<group>"; };
		072F1B5B1F2A546A001D6FA2 /* Info.plist */ = {isa = PBXFileReference; lastKnownFileType = text.plist.xml; path = Info.plist; sourceTree = "<group>"; };
		072F1B611F2A585F001D6FA2 /* DevChat-Bridging-Header.h */ = {isa = PBXFileReference; lastKnownFileType = sourcecode.c.h; path = "DevChat-Bridging-Header.h"; sourceTree = "<group>"; };
		072F1B631F2A585F001D6FA2 /* AAPLCameraViewController.h */ = {isa = PBXFileReference; fileEncoding = 4; lastKnownFileType = sourcecode.c.h; path = AAPLCameraViewController.h; sourceTree = "<group>"; };
		072F1B641F2A585F001D6FA2 /* AAPLCameraViewController.m */ = {isa = PBXFileReference; fileEncoding = 4; lastKnownFileType = sourcecode.c.objc; path = AAPLCameraViewController.m; sourceTree = "<group>"; };
		072F1B651F2A585F001D6FA2 /* AAPLPreviewView.h */ = {isa = PBXFileReference; fileEncoding = 4; lastKnownFileType = sourcecode.c.h; path = AAPLPreviewView.h; sourceTree = "<group>"; };
		072F1B661F2A585F001D6FA2 /* AAPLPreviewView.m */ = {isa = PBXFileReference; fileEncoding = 4; lastKnownFileType = sourcecode.c.objc; path = AAPLPreviewView.m; sourceTree = "<group>"; };
		072F1B6B1F2A5A32001D6FA2 /* AAPLCameraVCDelegate.h */ = {isa = PBXFileReference; fileEncoding = 4; lastKnownFileType = sourcecode.c.h; path = AAPLCameraVCDelegate.h; sourceTree = "<group>"; };
		07D809921F2CDD8700968432 /* AuthService.swift */ = {isa = PBXFileReference; fileEncoding = 4; lastKnownFileType = sourcecode.swift; path = AuthService.swift; sourceTree = "<group>"; };
		07DC5D771F2D52A9001BEF67 /* DataService.swift */ = {isa = PBXFileReference; fileEncoding = 4; lastKnownFileType = sourcecode.swift; path = DataService.swift; sourceTree = "<group>"; };
		07DC5D791F2D5C74001BEF67 /* UsersVC.swift */ = {isa = PBXFileReference; fileEncoding = 4; lastKnownFileType = sourcecode.swift; path = UsersVC.swift; sourceTree = "<group>"; };
		07DC5D7B1F2D603F001BEF67 /* UserCell.swift */ = {isa = PBXFileReference; fileEncoding = 4; lastKnownFileType = sourcecode.swift; path = UserCell.swift; sourceTree = "<group>"; };
		07DC5D7D1F2D64A2001BEF67 /* User.swift */ = {isa = PBXFileReference; fileEncoding = 4; lastKnownFileType = sourcecode.swift; path = User.swift; sourceTree = "<group>"; };
		07FEE6E31F2AA72500202261 /* GoogleService-Info.plist */ = {isa = PBXFileReference; fileEncoding = 4; lastKnownFileType = text.plist.xml; path = "GoogleService-Info.plist"; sourceTree = "<group>"; };
		07FEE6E51F2AB73D00202261 /* RoundTextField.swift */ = {isa = PBXFileReference; fileEncoding = 4; lastKnownFileType = sourcecode.swift; path = RoundTextField.swift; sourceTree = "<group>"; };
		07FEE6E71F2ABF8800202261 /* RoundedButton.swift */ = {isa = PBXFileReference; fileEncoding = 4; lastKnownFileType = sourcecode.swift; path = RoundedButton.swift; sourceTree = "<group>"; };
		07FEE6E91F2AC31E00202261 /* LoginVC.swift */ = {isa = PBXFileReference; fileEncoding = 4; lastKnownFileType = sourcecode.swift; path = LoginVC.swift; sourceTree = "<group>"; };
		6AFDDBE86F3366C2DD29BBFE /* Pods-DevChat.debug.xcconfig */ = {isa = PBXFileReference; includeInIndex = 1; lastKnownFileType = text.xcconfig; name = "Pods-DevChat.debug.xcconfig"; path = "Pods/Target Support Files/Pods-DevChat/Pods-DevChat.debug.xcconfig"; sourceTree = "<group>"; };
		A90AF2DFC1BBE49BA398DCFD /* Pods-DevChat.release.xcconfig */ = {isa = PBXFileReference; includeInIndex = 1; lastKnownFileType = text.xcconfig; name = "Pods-DevChat.release.xcconfig"; path = "Pods/Target Support Files/Pods-DevChat/Pods-DevChat.release.xcconfig"; sourceTree = "<group>"; };
		DEEA1605C0059A67B45D7D3A /* Pods_DevChat.framework */ = {isa = PBXFileReference; explicitFileType = wrapper.framework; includeInIndex = 0; path = Pods_DevChat.framework; sourceTree = BUILT_PRODUCTS_DIR; };
/* End PBXFileReference section */

/* Begin PBXFrameworksBuildPhase section */
		072F1B491F2A546A001D6FA2 /* Frameworks */ = {
			isa = PBXFrameworksBuildPhase;
			buildActionMask = 2147483647;
			files = (
				09443E82847E77D24D18545D /* Pods_DevChat.framework in Frameworks */,
			);
			runOnlyForDeploymentPostprocessing = 0;
		};
/* End PBXFrameworksBuildPhase section */

/* Begin PBXGroup section */
		072F1B431F2A546A001D6FA2 = {
			isa = PBXGroup;
			children = (
				072F1B4E1F2A546A001D6FA2 /* DevChat */,
				072F1B4D1F2A546A001D6FA2 /* Products */,
				1BFEE915B997400B4102F41A /* Pods */,
				84FFF9729A845FC3D74B1DE7 /* Frameworks */,
			);
			sourceTree = "<group>";
		};
		072F1B4D1F2A546A001D6FA2 /* Products */ = {
			isa = PBXGroup;
			children = (
				072F1B4C1F2A546A001D6FA2 /* DevChat.app */,
			);
			name = Products;
			sourceTree = "<group>";
		};
		072F1B4E1F2A546A001D6FA2 /* DevChat */ = {
			isa = PBXGroup;
			children = (
				07D809911F2CDD7200968432 /* Services */,
				07FEE6E21F2A9F6100202261 /* Protocols */,
				072F1B6A1F2A5875001D6FA2 /* Controller */,
				072F1B691F2A586C001D6FA2 /* View */,
				072F1B4F1F2A546A001D6FA2 /* AppDelegate.swift */,
				072F1B531F2A546A001D6FA2 /* Main.storyboard */,
				072F1B561F2A546A001D6FA2 /* Assets.xcassets */,
				072F1B581F2A546A001D6FA2 /* LaunchScreen.storyboard */,
				072F1B5B1F2A546A001D6FA2 /* Info.plist */,
				07FEE6E31F2AA72500202261 /* GoogleService-Info.plist */,
				072F1B611F2A585F001D6FA2 /* DevChat-Bridging-Header.h */,
			);
			path = DevChat;
			sourceTree = "<group>";
		};
		072F1B691F2A586C001D6FA2 /* View */ = {
			isa = PBXGroup;
			children = (
				072F1B651F2A585F001D6FA2 /* AAPLPreviewView.h */,
				072F1B661F2A585F001D6FA2 /* AAPLPreviewView.m */,
				07FEE6E51F2AB73D00202261 /* RoundTextField.swift */,
				07FEE6E71F2ABF8800202261 /* RoundedButton.swift */,
				07DC5D7B1F2D603F001BEF67 /* UserCell.swift */,
			);
			name = View;
			sourceTree = "<group>";
		};
		072F1B6A1F2A5875001D6FA2 /* Controller */ = {
			isa = PBXGroup;
			children = (
				072F1B511F2A546A001D6FA2 /* CameraVC.swift */,
				07FEE6E91F2AC31E00202261 /* LoginVC.swift */,
				07DC5D791F2D5C74001BEF67 /* UsersVC.swift */,
				072F1B631F2A585F001D6FA2 /* AAPLCameraViewController.h */,
				072F1B641F2A585F001D6FA2 /* AAPLCameraViewController.m */,
			);
			name = Controller;
			sourceTree = "<group>";
		};
		07D809911F2CDD7200968432 /* Services */ = {
			isa = PBXGroup;
			children = (
				07D809921F2CDD8700968432 /* AuthService.swift */,
				07DC5D771F2D52A9001BEF67 /* DataService.swift */,
				07DC5D7D1F2D64A2001BEF67 /* User.swift */,
			);
			name = Services;
			sourceTree = "<group>";
		};
		07FEE6E21F2A9F6100202261 /* Protocols */ = {
			isa = PBXGroup;
			children = (
				072F1B6B1F2A5A32001D6FA2 /* AAPLCameraVCDelegate.h */,
			);
			name = Protocols;
			sourceTree = "<group>";
		};
		1BFEE915B997400B4102F41A /* Pods */ = {
			isa = PBXGroup;
			children = (
				6AFDDBE86F3366C2DD29BBFE /* Pods-DevChat.debug.xcconfig */,
				A90AF2DFC1BBE49BA398DCFD /* Pods-DevChat.release.xcconfig */,
			);
			name = Pods;
			sourceTree = "<group>";
		};
		84FFF9729A845FC3D74B1DE7 /* Frameworks */ = {
			isa = PBXGroup;
			children = (
				DEEA1605C0059A67B45D7D3A /* Pods_DevChat.framework */,
			);
			name = Frameworks;
			sourceTree = "<group>";
		};
/* End PBXGroup section */

/* Begin PBXNativeTarget section */
		072F1B4B1F2A546A001D6FA2 /* DevChat */ = {
			isa = PBXNativeTarget;
			buildConfigurationList = 072F1B5E1F2A546A001D6FA2 /* Build configuration list for PBXNativeTarget "DevChat" */;
			buildPhases = (
				336732915CB2C69EAF98977B /* [CP] Check Pods Manifest.lock */,
				072F1B481F2A546A001D6FA2 /* Sources */,
				072F1B491F2A546A001D6FA2 /* Frameworks */,
				072F1B4A1F2A546A001D6FA2 /* Resources */,
				ACA1E4898F3ED15567113DA1 /* [CP] Embed Pods Frameworks */,
				B4D320C4589D4A8EBD4FB669 /* [CP] Copy Pods Resources */,
			);
			buildRules = (
			);
			dependencies = (
			);
			name = DevChat;
			productName = DevChat;
			productReference = 072F1B4C1F2A546A001D6FA2 /* DevChat.app */;
			productType = "com.apple.product-type.application";
		};
/* End PBXNativeTarget section */

/* Begin PBXProject section */
		072F1B441F2A546A001D6FA2 /* Project object */ = {
			isa = PBXProject;
			attributes = {
				LastSwiftUpdateCheck = 0830;
				LastUpgradeCheck = 0830;
				ORGANIZATIONNAME = "Erblin Berisha";
				TargetAttributes = {
					072F1B4B1F2A546A001D6FA2 = {
						CreatedOnToolsVersion = 8.3.3;
						DevelopmentTeam = 4KUWRWABNG;
						LastSwiftMigration = 0830;
						ProvisioningStyle = Automatic;
					};
				};
			};
			buildConfigurationList = 072F1B471F2A546A001D6FA2 /* Build configuration list for PBXProject "DevChat" */;
			compatibilityVersion = "Xcode 3.2";
			developmentRegion = English;
			hasScannedForEncodings = 0;
			knownRegions = (
				en,
				Base,
			);
			mainGroup = 072F1B431F2A546A001D6FA2;
			productRefGroup = 072F1B4D1F2A546A001D6FA2 /* Products */;
			projectDirPath = "";
			projectRoot = "";
			targets = (
				072F1B4B1F2A546A001D6FA2 /* DevChat */,
			);
		};
/* End PBXProject section */

/* Begin PBXResourcesBuildPhase section */
		072F1B4A1F2A546A001D6FA2 /* Resources */ = {
			isa = PBXResourcesBuildPhase;
			buildActionMask = 2147483647;
			files = (
				072F1B5A1F2A546A001D6FA2 /* LaunchScreen.storyboard in Resources */,
				07FEE6E41F2AA72500202261 /* GoogleService-Info.plist in Resources */,
				072F1B571F2A546A001D6FA2 /* Assets.xcassets in Resources */,
				072F1B551F2A546A001D6FA2 /* Main.storyboard in Resources */,
			);
			runOnlyForDeploymentPostprocessing = 0;
		};
/* End PBXResourcesBuildPhase section */

/* Begin PBXShellScriptBuildPhase section */
		336732915CB2C69EAF98977B /* [CP] Check Pods Manifest.lock */ = {
			isa = PBXShellScriptBuildPhase;
			buildActionMask = 2147483647;
			files = (
			);
			inputPaths = (
			);
			name = "[CP] Check Pods Manifest.lock";
			outputPaths = (
			);
			runOnlyForDeploymentPostprocessing = 0;
			shellPath = /bin/sh;
			shellScript = "diff \"${PODS_PODFILE_DIR_PATH}/Podfile.lock\" \"${PODS_ROOT}/Manifest.lock\" > /dev/null\nif [ $? != 0 ] ; then\n    # print error to STDERR\n    echo \"error: The sandbox is not in sync with the Podfile.lock. Run 'pod install' or update your CocoaPods installation.\" >&2\n    exit 1\nfi\n";
			showEnvVarsInLog = 0;
		};
		ACA1E4898F3ED15567113DA1 /* [CP] Embed Pods Frameworks */ = {
			isa = PBXShellScriptBuildPhase;
			buildActionMask = 2147483647;
			files = (
			);
			inputPaths = (
			);
			name = "[CP] Embed Pods Frameworks";
			outputPaths = (
			);
			runOnlyForDeploymentPostprocessing = 0;
			shellPath = /bin/sh;
			shellScript = "\"${SRCROOT}/Pods/Target Support Files/Pods-DevChat/Pods-DevChat-frameworks.sh\"\n";
			showEnvVarsInLog = 0;
		};
		B4D320C4589D4A8EBD4FB669 /* [CP] Copy Pods Resources */ = {
			isa = PBXShellScriptBuildPhase;
			buildActionMask = 2147483647;
			files = (
			);
			inputPaths = (
			);
			name = "[CP] Copy Pods Resources";
			outputPaths = (
			);
			runOnlyForDeploymentPostprocessing = 0;
			shellPath = /bin/sh;
			shellScript = "\"${SRCROOT}/Pods/Target Support Files/Pods-DevChat/Pods-DevChat-resources.sh\"\n";
			showEnvVarsInLog = 0;
		};
/* End PBXShellScriptBuildPhase section */

/* Begin PBXSourcesBuildPhase section */
		072F1B481F2A546A001D6FA2 /* Sources */ = {
			isa = PBXSourcesBuildPhase;
			buildActionMask = 2147483647;
			files = (
				07DC5D781F2D52A9001BEF67 /* DataService.swift in Sources */,
				072F1B521F2A546A001D6FA2 /* CameraVC.swift in Sources */,
				07FEE6E81F2ABF8800202261 /* RoundedButton.swift in Sources */,
				07FEE6EA1F2AC31E00202261 /* LoginVC.swift in Sources */,
				072F1B501F2A546A001D6FA2 /* AppDelegate.swift in Sources */,
				07DC5D7A1F2D5C74001BEF67 /* UsersVC.swift in Sources */,
				07FEE6E61F2AB73D00202261 /* RoundTextField.swift in Sources */,
				072F1B671F2A585F001D6FA2 /* AAPLCameraViewController.m in Sources */,
				07DC5D7E1F2D64A2001BEF67 /* User.swift in Sources */,
				072F1B681F2A585F001D6FA2 /* AAPLPreviewView.m in Sources */,
				07DC5D7C1F2D603F001BEF67 /* UserCell.swift in Sources */,
				07D809931F2CDD8700968432 /* AuthService.swift in Sources */,
			);
			runOnlyForDeploymentPostprocessing = 0;
		};
/* End PBXSourcesBuildPhase section */

/* Begin PBXVariantGroup section */
		072F1B531F2A546A001D6FA2 /* Main.storyboard */ = {
			isa = PBXVariantGroup;
			children = (
				072F1B541F2A546A001D6FA2 /* Base */,
			);
			name = Main.storyboard;
			sourceTree = "<group>";
		};
		072F1B581F2A546A001D6FA2 /* LaunchScreen.storyboard */ = {
			isa = PBXVariantGroup;
			children = (
				072F1B591F2A546A001D6FA2 /* Base */,
			);
			name = LaunchScreen.storyboard;
			sourceTree = "<group>";
		};
/* End PBXVariantGroup section */

/* Begin XCBuildConfiguration section */
		072F1B5C1F2A546A001D6FA2 /* Debug */ = {
			isa = XCBuildConfiguration;
			buildSettings = {
				ALWAYS_SEARCH_USER_PATHS = NO;
				CLANG_ANALYZER_NONNULL = YES;
				CLANG_ANALYZER_NUMBER_OBJECT_CONVERSION = YES_AGGRESSIVE;
				CLANG_CXX_LANGUAGE_STANDARD = "gnu++0x";
				CLANG_CXX_LIBRARY = "libc++";
				CLANG_ENABLE_MODULES = YES;
				CLANG_ENABLE_OBJC_ARC = YES;
				CLANG_WARN_BOOL_CONVERSION = YES;
				CLANG_WARN_CONSTANT_CONVERSION = YES;
				CLANG_WARN_DIRECT_OBJC_ISA_USAGE = YES_ERROR;
				CLANG_WARN_DOCUMENTATION_COMMENTS = YES;
				CLANG_WARN_EMPTY_BODY = YES;
				CLANG_WARN_ENUM_CONVERSION = YES;
				CLANG_WARN_INFINITE_RECURSION = YES;
				CLANG_WARN_INT_CONVERSION = YES;
				CLANG_WARN_OBJC_ROOT_CLASS = YES_ERROR;
				CLANG_WARN_SUSPICIOUS_MOVE = YES;
				CLANG_WARN_UNREACHABLE_CODE = YES;
				CLANG_WARN__DUPLICATE_METHOD_MATCH = YES;
				"CODE_SIGN_IDENTITY[sdk=iphoneos*]" = "iPhone Developer";
				COPY_PHASE_STRIP = NO;
				DEBUG_INFORMATION_FORMAT = dwarf;
				ENABLE_STRICT_OBJC_MSGSEND = YES;
				ENABLE_TESTABILITY = YES;
				GCC_C_LANGUAGE_STANDARD = gnu99;
				GCC_DYNAMIC_NO_PIC = NO;
				GCC_NO_COMMON_BLOCKS = YES;
				GCC_OPTIMIZATION_LEVEL = 0;
				GCC_PREPROCESSOR_DEFINITIONS = (
					"DEBUG=1",
					"$(inherited)",
				);
				GCC_WARN_64_TO_32_BIT_CONVERSION = YES;
				GCC_WARN_ABOUT_RETURN_TYPE = YES_ERROR;
				GCC_WARN_UNDECLARED_SELECTOR = YES;
				GCC_WARN_UNINITIALIZED_AUTOS = YES_AGGRESSIVE;
				GCC_WARN_UNUSED_FUNCTION = YES;
				GCC_WARN_UNUSED_VARIABLE = YES;
				IPHONEOS_DEPLOYMENT_TARGET = 10.3;
				MTL_ENABLE_DEBUG_INFO = YES;
				ONLY_ACTIVE_ARCH = YES;
				SDKROOT = iphoneos;
				SWIFT_ACTIVE_COMPILATION_CONDITIONS = DEBUG;
				SWIFT_OPTIMIZATION_LEVEL = "-Onone";
				TARGETED_DEVICE_FAMILY = "1,2";
			};
			name = Debug;
		};
		072F1B5D1F2A546A001D6FA2 /* Release */ = {
			isa = XCBuildConfiguration;
			buildSettings = {
				ALWAYS_SEARCH_USER_PATHS = NO;
				CLANG_ANALYZER_NONNULL = YES;
				CLANG_ANALYZER_NUMBER_OBJECT_CONVERSION = YES_AGGRESSIVE;
				CLANG_CXX_LANGUAGE_STANDARD = "gnu++0x";
				CLANG_CXX_LIBRARY = "libc++";
				CLANG_ENABLE_MODULES = YES;
				CLANG_ENABLE_OBJC_ARC = YES;
				CLANG_WARN_BOOL_CONVERSION = YES;
				CLANG_WARN_CONSTANT_CONVERSION = YES;
				CLANG_WARN_DIRECT_OBJC_ISA_USAGE = YES_ERROR;
				CLANG_WARN_DOCUMENTATION_COMMENTS = YES;
				CLANG_WARN_EMPTY_BODY = YES;
				CLANG_WARN_ENUM_CONVERSION = YES;
				CLANG_WARN_INFINITE_RECURSION = YES;
				CLANG_WARN_INT_CONVERSION = YES;
				CLANG_WARN_OBJC_ROOT_CLASS = YES_ERROR;
				CLANG_WARN_SUSPICIOUS_MOVE = YES;
				CLANG_WARN_UNREACHABLE_CODE = YES;
				CLANG_WARN__DUPLICATE_METHOD_MATCH = YES;
				"CODE_SIGN_IDENTITY[sdk=iphoneos*]" = "iPhone Developer";
				COPY_PHASE_STRIP = NO;
				DEBUG_INFORMATION_FORMAT = "dwarf-with-dsym";
				ENABLE_NS_ASSERTIONS = NO;
				ENABLE_STRICT_OBJC_MSGSEND = YES;
				GCC_C_LANGUAGE_STANDARD = gnu99;
				GCC_NO_COMMON_BLOCKS = YES;
				GCC_WARN_64_TO_32_BIT_CONVERSION = YES;
				GCC_WARN_ABOUT_RETURN_TYPE = YES_ERROR;
				GCC_WARN_UNDECLARED_SELECTOR = YES;
				GCC_WARN_UNINITIALIZED_AUTOS = YES_AGGRESSIVE;
				GCC_WARN_UNUSED_FUNCTION = YES;
				GCC_WARN_UNUSED_VARIABLE = YES;
				IPHONEOS_DEPLOYMENT_TARGET = 10.3;
				MTL_ENABLE_DEBUG_INFO = NO;
				SDKROOT = iphoneos;
				SWIFT_OPTIMIZATION_LEVEL = "-Owholemodule";
				TARGETED_DEVICE_FAMILY = "1,2";
				VALIDATE_PRODUCT = YES;
			};
			name = Release;
		};
		072F1B5F1F2A546A001D6FA2 /* Debug */ = {
			isa = XCBuildConfiguration;
			baseConfigurationReference = 6AFDDBE86F3366C2DD29BBFE /* Pods-DevChat.debug.xcconfig */;
			buildSettings = {
				ASSETCATALOG_COMPILER_APPICON_NAME = AppIcon;
				CLANG_ENABLE_MODULES = YES;
				DEVELOPMENT_TEAM = 4KUWRWABNG;
				INFOPLIST_FILE = DevChat/Info.plist;
				IPHONEOS_DEPLOYMENT_TARGET = 9.0;
				LD_RUNPATH_SEARCH_PATHS = "$(inherited) @executable_path/Frameworks";
				PRODUCT_BUNDLE_IDENTIFIER = com.berishaerblin.DevChat;
				PRODUCT_NAME = "$(TARGET_NAME)";
				SWIFT_OBJC_BRIDGING_HEADER = "DevChat/DevChat-Bridging-Header.h";
				SWIFT_OPTIMIZATION_LEVEL = "-Onone";
				SWIFT_VERSION = 3.0;
			};
			name = Debug;
		};
		072F1B601F2A546A001D6FA2 /* Release */ = {
			isa = XCBuildConfiguration;
			baseConfigurationReference = A90AF2DFC1BBE49BA398DCFD /* Pods-DevChat.release.xcconfig */;
			buildSettings = {
				ASSETCATALOG_COMPILER_APPICON_NAME = AppIcon;
				CLANG_ENABLE_MODULES = YES;
				DEVELOPMENT_TEAM = 4KUWRWABNG;
				INFOPLIST_FILE = DevChat/Info.plist;
				IPHONEOS_DEPLOYMENT_TARGET = 9.0;
				LD_RUNPATH_SEARCH_PATHS = "$(inherited) @executable_path/Frameworks";
				PRODUCT_BUNDLE_IDENTIFIER = com.berishaerblin.DevChat;
				PRODUCT_NAME = "$(TARGET_NAME)";
				SWIFT_OBJC_BRIDGING_HEADER = "DevChat/DevChat-Bridging-Header.h";
				SWIFT_VERSION = 3.0;
			};
			name = Release;
		};
/* End XCBuildConfiguration section */

/* Begin XCConfigurationList section */
		072F1B471F2A546A001D6FA2 /* Build configuration list for PBXProject "DevChat" */ = {
			isa = XCConfigurationList;
			buildConfigurations = (
				072F1B5C1F2A546A001D6FA2 /* Debug */,
				072F1B5D1F2A546A001D6FA2 /* Release */,
			);
			defaultConfigurationIsVisible = 0;
			defaultConfigurationName = Release;
		};
		072F1B5E1F2A546A001D6FA2 /* Build configuration list for PBXNativeTarget "DevChat" */ = {
			isa = XCConfigurationList;
			buildConfigurations = (
				072F1B5F1F2A546A001D6FA2 /* Debug */,
				072F1B601F2A546A001D6FA2 /* Release */,
			);
			defaultConfigurationIsVisible = 0;
			defaultConfigurationName = Release;
		};
/* End XCConfigurationList section */
	};
	rootObject = 072F1B441F2A546A001D6FA2 /* Project object */;
}
